
Microsoft Visual Studio Solution File, Format Version 12.00
# Visual Studio Version 16
VisualStudioVersion = 16.0.28407.52
MinimumVisualStudioVersion = 10.0.40219.1
Project("{FAE04EC0-301F-11D3-BF4B-00C04F79EFBC}") = "JorgeRamirez.Mas.Test.Web", "JorgeRamirez.Mas.Test.Web\JorgeRamirez.Mas.Test.Web.csproj", "{720ABD7D-8D55-4018-9E2A-36E9B8F25069}"
EndProject
Project("{FAE04EC0-301F-11D3-BF4B-00C04F79EFBC}") = "JorgeRamirez.Mas.Test.Core", "JorgeRamirez.Mas.Test.Core\JorgeRamirez.Mas.Test.Core.csproj", "{5E686EFD-4F15-4B86-BBF2-3C1451CF2869}"
EndProject
Project("{FAE04EC0-301F-11D3-BF4B-00C04F79EFBC}") = "JorgeRamirez.Mas.Test.Utest", "JorgeRamirez.Mas.Test.Utest\JorgeRamirez.Mas.Test.Utest.csproj", "{117D5A1A-CC72-4AFA-83DD-B4868BB4C855}"
EndProject
Global
	GlobalSection(SolutionConfigurationPlatforms) = preSolution
		Debug|Any CPU = Debug|Any CPU
		Release|Any CPU = Release|Any CPU
	EndGlobalSection
	GlobalSection(ProjectConfigurationPlatforms) = postSolution
		{720ABD7D-8D55-4018-9E2A-36E9B8F25069}.Debug|Any CPU.ActiveCfg = Debug|Any CPU
		{720ABD7D-8D55-4018-9E2A-36E9B8F25069}.Debug|Any CPU.Build.0 = Debug|Any CPU
		{720ABD7D-8D55-4018-9E2A-36E9B8F25069}.Release|Any CPU.ActiveCfg = Release|Any CPU
		{720ABD7D-8D55-4018-9E2A-36E9B8F25069}.Release|Any CPU.Build.0 = Release|Any CPU
		{5E686EFD-4F15-4B86-BBF2-3C1451CF2869}.Debug|Any CPU.ActiveCfg = Debug|Any CPU
		{5E686EFD-4F15-4B86-BBF2-3C1451CF2869}.Debug|Any CPU.Build.0 = Debug|Any CPU
		{5E686EFD-4F15-4B86-BBF2-3C1451CF2869}.Release|Any CPU.ActiveCfg = Release|Any CPU
		{5E686EFD-4F15-4B86-BBF2-3C1451CF2869}.Release|Any CPU.Build.0 = Release|Any CPU
		{117D5A1A-CC72-4AFA-83DD-B4868BB4C855}.Debug|Any CPU.ActiveCfg = Debug|Any CPU
		{117D5A1A-CC72-4AFA-83DD-B4868BB4C855}.Debug|Any CPU.Build.0 = Debug|Any CPU
		{117D5A1A-CC72-4AFA-83DD-B4868BB4C855}.Release|Any CPU.ActiveCfg = Release|Any CPU
		{117D5A1A-CC72-4AFA-83DD-B4868BB4C855}.Release|Any CPU.Build.0 = Release|Any CPU
	EndGlobalSection
	GlobalSection(SolutionProperties) = preSolution
		HideSolutionNode = FALSE
	EndGlobalSection
	GlobalSection(ExtensibilityGlobals) = postSolution
		SolutionGuid = {22BA6E15-B389-4C52-BD60-FB5782D06C60}
	EndGlobalSection
EndGlobal
